// !$*UTF8*$!
{
	archiveVersion = 1;
	classes = {
	};
	objectVersion = 55;
	objects = {

/* Begin PBXBuildFile section */
		CB01BFD2274FD42F007977D9 /* RainbowCircle.swift in Sources */ = {isa = PBXBuildFile; fileRef = CB01BFD1274FD42F007977D9 /* RainbowCircle.swift */; };
		CB01BFD3274FD42F007977D9 /* RainbowCircle.swift in Sources */ = {isa = PBXBuildFile; fileRef = CB01BFD1274FD42F007977D9 /* RainbowCircle.swift */; };
		CB01BFD5274FDBFA007977D9 /* Constants.swift in Sources */ = {isa = PBXBuildFile; fileRef = CB01BFD4274FDBFA007977D9 /* Constants.swift */; };
		CB01BFD6274FDBFA007977D9 /* Constants.swift in Sources */ = {isa = PBXBuildFile; fileRef = CB01BFD4274FDBFA007977D9 /* Constants.swift */; };
		CB01BFD8274FDC05007977D9 /* StandardExercise.swift in Sources */ = {isa = PBXBuildFile; fileRef = CB01BFD7274FDC05007977D9 /* StandardExercise.swift */; };
		CB01BFD9274FDC05007977D9 /* StandardExercise.swift in Sources */ = {isa = PBXBuildFile; fileRef = CB01BFD7274FDC05007977D9 /* StandardExercise.swift */; };
		CB01BFDB274FDC0F007977D9 /* Exercise.swift in Sources */ = {isa = PBXBuildFile; fileRef = CB01BFDA274FDC0F007977D9 /* Exercise.swift */; };
		CB01BFDC274FDC0F007977D9 /* Exercise.swift in Sources */ = {isa = PBXBuildFile; fileRef = CB01BFDA274FDC0F007977D9 /* Exercise.swift */; };
		CB01BFDE274FDC77007977D9 /* HomeVM.swift in Sources */ = {isa = PBXBuildFile; fileRef = CB01BFDD274FDC77007977D9 /* HomeVM.swift */; };
		CB01BFDF274FDC77007977D9 /* HomeVM.swift in Sources */ = {isa = PBXBuildFile; fileRef = CB01BFDD274FDC77007977D9 /* HomeVM.swift */; };
		CB01BFE127500983007977D9 /* HomeView.swift in Sources */ = {isa = PBXBuildFile; fileRef = CB01BFE027500983007977D9 /* HomeView.swift */; };
		CB01BFE227500983007977D9 /* HomeView.swift in Sources */ = {isa = PBXBuildFile; fileRef = CB01BFE027500983007977D9 /* HomeView.swift */; };
		CB565CA0274E62800096C272 /* exhale.m4a in Resources */ = {isa = PBXBuildFile; fileRef = CB565C9E274E62360096C272 /* exhale.m4a */; };
		CB565CA1274E62800096C272 /* inhale.m4a in Resources */ = {isa = PBXBuildFile; fileRef = CB565C9F274E62360096C272 /* inhale.m4a */; };
		CB565CA2274E62870096C272 /* exhale.m4a in Resources */ = {isa = PBXBuildFile; fileRef = CB565C9E274E62360096C272 /* exhale.m4a */; };
		CB565CA3274E62870096C272 /* inhale.m4a in Resources */ = {isa = PBXBuildFile; fileRef = CB565C9F274E62360096C272 /* inhale.m4a */; };
		CB565CA5274E681F0096C272 /* boop.m4a in Resources */ = {isa = PBXBuildFile; fileRef = CB565CA4274E681F0096C272 /* boop.m4a */; };
		CB565CA6274E681F0096C272 /* boop.m4a in Resources */ = {isa = PBXBuildFile; fileRef = CB565CA4274E681F0096C272 /* boop.m4a */; };
		CB842976274D5BC70098021B /* Tests_iOS.swift in Sources */ = {isa = PBXBuildFile; fileRef = CB842975274D5BC70098021B /* Tests_iOS.swift */; };
		CB842978274D5BC70098021B /* Tests_iOSLaunchTests.swift in Sources */ = {isa = PBXBuildFile; fileRef = CB842977274D5BC70098021B /* Tests_iOSLaunchTests.swift */; };
		CB842982274D5BC70098021B /* Tests_macOS.swift in Sources */ = {isa = PBXBuildFile; fileRef = CB842981274D5BC70098021B /* Tests_macOS.swift */; };
		CB842984274D5BC70098021B /* Tests_macOSLaunchTests.swift in Sources */ = {isa = PBXBuildFile; fileRef = CB842983274D5BC70098021B /* Tests_macOSLaunchTests.swift */; };
		CB842985274D5BC70098021B /* CountdownApp.swift in Sources */ = {isa = PBXBuildFile; fileRef = CB84295D274D5BC70098021B /* CountdownApp.swift */; };
		CB842986274D5BC70098021B /* CountdownApp.swift in Sources */ = {isa = PBXBuildFile; fileRef = CB84295D274D5BC70098021B /* CountdownApp.swift */; };
		CB842987274D5BC70098021B /* ContentView.swift in Sources */ = {isa = PBXBuildFile; fileRef = CB84295E274D5BC70098021B /* ContentView.swift */; };
		CB842988274D5BC70098021B /* ContentView.swift in Sources */ = {isa = PBXBuildFile; fileRef = CB84295E274D5BC70098021B /* ContentView.swift */; };
		CB842989274D5BC70098021B /* Assets.xcassets in Resources */ = {isa = PBXBuildFile; fileRef = CB84295F274D5BC70098021B /* Assets.xcassets */; };
		CB84298A274D5BC70098021B /* Assets.xcassets in Resources */ = {isa = PBXBuildFile; fileRef = CB84295F274D5BC70098021B /* Assets.xcassets */; };
/* End PBXBuildFile section */

/* Begin PBXContainerItemProxy section */
		CB842972274D5BC70098021B /* PBXContainerItemProxy */ = {
			isa = PBXContainerItemProxy;
			containerPortal = CB842958274D5BC70098021B /* Project object */;
			proxyType = 1;
			remoteGlobalIDString = CB842963274D5BC70098021B;
			remoteInfo = "Countdown (iOS)";
		};
		CB84297E274D5BC70098021B /* PBXContainerItemProxy */ = {
			isa = PBXContainerItemProxy;
			containerPortal = CB842958274D5BC70098021B /* Project object */;
			proxyType = 1;
			remoteGlobalIDString = CB842969274D5BC70098021B;
			remoteInfo = "Countdown (macOS)";
		};
/* End PBXContainerItemProxy section */

/* Begin PBXFileReference section */
		CB01BFD1274FD42F007977D9 /* RainbowCircle.swift */ = {isa = PBXFileReference; lastKnownFileType = sourcecode.swift; path = RainbowCircle.swift; sourceTree = "<group>"; };
		CB01BFD4274FDBFA007977D9 /* Constants.swift */ = {isa = PBXFileReference; fileEncoding = 4; lastKnownFileType = sourcecode.swift; path = Constants.swift; sourceTree = "<group>"; };
		CB01BFD7274FDC05007977D9 /* StandardExercise.swift */ = {isa = PBXFileReference; fileEncoding = 4; lastKnownFileType = sourcecode.swift; path = StandardExercise.swift; sourceTree = "<group>"; };
		CB01BFDA274FDC0F007977D9 /* Exercise.swift */ = {isa = PBXFileReference; fileEncoding = 4; lastKnownFileType = sourcecode.swift; path = Exercise.swift; sourceTree = "<group>"; };
		CB01BFDD274FDC77007977D9 /* HomeVM.swift */ = {isa = PBXFileReference; fileEncoding = 4; lastKnownFileType = sourcecode.swift; path = HomeVM.swift; sourceTree = "<group>"; };
		CB01BFE027500983007977D9 /* HomeView.swift */ = {isa = PBXFileReference; fileEncoding = 4; lastKnownFileType = sourcecode.swift; path = HomeView.swift; sourceTree = "<group>"; };
		CB565C9E274E62360096C272 /* exhale.m4a */ = {isa = PBXFileReference; lastKnownFileType = file; path = exhale.m4a; sourceTree = "<group>"; };
		CB565C9F274E62360096C272 /* inhale.m4a */ = {isa = PBXFileReference; lastKnownFileType = file; path = inhale.m4a; sourceTree = "<group>"; };
		CB565CA4274E681F0096C272 /* boop.m4a */ = {isa = PBXFileReference; lastKnownFileType = file; path = boop.m4a; sourceTree = "<group>"; };
		CB84295D274D5BC70098021B /* CountdownApp.swift */ = {isa = PBXFileReference; lastKnownFileType = sourcecode.swift; path = CountdownApp.swift; sourceTree = "<group>"; };
		CB84295E274D5BC70098021B /* ContentView.swift */ = {isa = PBXFileReference; lastKnownFileType = sourcecode.swift; path = ContentView.swift; sourceTree = "<group>"; };
		CB84295F274D5BC70098021B /* Assets.xcassets */ = {isa = PBXFileReference; lastKnownFileType = folder.assetcatalog; path = Assets.xcassets; sourceTree = "<group>"; };
		CB842964274D5BC70098021B /* Countdown.app */ = {isa = PBXFileReference; explicitFileType = wrapper.application; includeInIndex = 0; path = Countdown.app; sourceTree = BUILT_PRODUCTS_DIR; };
		CB84296A274D5BC70098021B /* Countdown.app */ = {isa = PBXFileReference; explicitFileType = wrapper.application; includeInIndex = 0; path = Countdown.app; sourceTree = BUILT_PRODUCTS_DIR; };
		CB84296C274D5BC70098021B /* macOS.entitlements */ = {isa = PBXFileReference; lastKnownFileType = text.plist.entitlements; path = macOS.entitlements; sourceTree = "<group>"; };
		CB842971274D5BC70098021B /* Tests iOS.xctest */ = {isa = PBXFileReference; explicitFileType = wrapper.cfbundle; includeInIndex = 0; path = "Tests iOS.xctest"; sourceTree = BUILT_PRODUCTS_DIR; };
		CB842975274D5BC70098021B /* Tests_iOS.swift */ = {isa = PBXFileReference; lastKnownFileType = sourcecode.swift; path = Tests_iOS.swift; sourceTree = "<group>"; };
		CB842977274D5BC70098021B /* Tests_iOSLaunchTests.swift */ = {isa = PBXFileReference; lastKnownFileType = sourcecode.swift; path = Tests_iOSLaunchTests.swift; sourceTree = "<group>"; };
		CB84297D274D5BC70098021B /* Tests macOS.xctest */ = {isa = PBXFileReference; explicitFileType = wrapper.cfbundle; includeInIndex = 0; path = "Tests macOS.xctest"; sourceTree = BUILT_PRODUCTS_DIR; };
		CB842981274D5BC70098021B /* Tests_macOS.swift */ = {isa = PBXFileReference; lastKnownFileType = sourcecode.swift; path = Tests_macOS.swift; sourceTree = "<group>"; };
		CB842983274D5BC70098021B /* Tests_macOSLaunchTests.swift */ = {isa = PBXFileReference; lastKnownFileType = sourcecode.swift; path = Tests_macOSLaunchTests.swift; sourceTree = "<group>"; };
/* End PBXFileReference section */

/* Begin PBXFrameworksBuildPhase section */
		CB842961274D5BC70098021B /* Frameworks */ = {
			isa = PBXFrameworksBuildPhase;
			buildActionMask = 2147483647;
			files = (
			);
			runOnlyForDeploymentPostprocessing = 0;
		};
		CB842967274D5BC70098021B /* Frameworks */ = {
			isa = PBXFrameworksBuildPhase;
			buildActionMask = 2147483647;
			files = (
			);
			runOnlyForDeploymentPostprocessing = 0;
		};
		CB84296E274D5BC70098021B /* Frameworks */ = {
			isa = PBXFrameworksBuildPhase;
			buildActionMask = 2147483647;
			files = (
			);
			runOnlyForDeploymentPostprocessing = 0;
		};
		CB84297A274D5BC70098021B /* Frameworks */ = {
			isa = PBXFrameworksBuildPhase;
			buildActionMask = 2147483647;
			files = (
			);
			runOnlyForDeploymentPostprocessing = 0;
		};
/* End PBXFrameworksBuildPhase section */

/* Begin PBXGroup section */
		CB565C9D274E62160096C272 /* Resources */ = {
			isa = PBXGroup;
			children = (
				CB565CA4274E681F0096C272 /* boop.m4a */,
				CB565C9E274E62360096C272 /* exhale.m4a */,
				CB565C9F274E62360096C272 /* inhale.m4a */,
			);
			path = Resources;
			sourceTree = "<group>";
		};
		CB842957274D5BC70098021B = {
			isa = PBXGroup;
			children = (
				CB84295C274D5BC70098021B /* Shared */,
				CB84296B274D5BC70098021B /* macOS */,
				CB842974274D5BC70098021B /* Tests iOS */,
				CB842980274D5BC70098021B /* Tests macOS */,
				CB842965274D5BC70098021B /* Products */,
			);
			sourceTree = "<group>";
		};
		CB84295C274D5BC70098021B /* Shared */ = {
			isa = PBXGroup;
			children = (
				CB84295D274D5BC70098021B /* CountdownApp.swift */,
				CB84295E274D5BC70098021B /* ContentView.swift */,
				CB01BFD1274FD42F007977D9 /* RainbowCircle.swift */,
				CB01BFDA274FDC0F007977D9 /* Exercise.swift */,
				CB01BFE027500983007977D9 /* HomeView.swift */,
				CB01BFDD274FDC77007977D9 /* HomeVM.swift */,
				CB01BFD7274FDC05007977D9 /* StandardExercise.swift */,
				CB01BFD4274FDBFA007977D9 /* Constants.swift */,
				CB565C9D274E62160096C272 /* Resources */,
				CB84295F274D5BC70098021B /* Assets.xcassets */,
			);
			path = Shared;
			sourceTree = "<group>";
		};
		CB842965274D5BC70098021B /* Products */ = {
			isa = PBXGroup;
			children = (
				CB842964274D5BC70098021B /* Countdown.app */,
				CB84296A274D5BC70098021B /* Countdown.app */,
				CB842971274D5BC70098021B /* Tests iOS.xctest */,
				CB84297D274D5BC70098021B /* Tests macOS.xctest */,
			);
			name = Products;
			sourceTree = "<group>";
		};
		CB84296B274D5BC70098021B /* macOS */ = {
			isa = PBXGroup;
			children = (
				CB84296C274D5BC70098021B /* macOS.entitlements */,
			);
			path = macOS;
			sourceTree = "<group>";
		};
		CB842974274D5BC70098021B /* Tests iOS */ = {
			isa = PBXGroup;
			children = (
				CB842975274D5BC70098021B /* Tests_iOS.swift */,
				CB842977274D5BC70098021B /* Tests_iOSLaunchTests.swift */,
			);
			path = "Tests iOS";
			sourceTree = "<group>";
		};
		CB842980274D5BC70098021B /* Tests macOS */ = {
			isa = PBXGroup;
			children = (
				CB842981274D5BC70098021B /* Tests_macOS.swift */,
				CB842983274D5BC70098021B /* Tests_macOSLaunchTests.swift */,
			);
			path = "Tests macOS";
			sourceTree = "<group>";
		};
/* End PBXGroup section */

/* Begin PBXNativeTarget section */
		CB842963274D5BC70098021B /* Countdown (iOS) */ = {
			isa = PBXNativeTarget;
			buildConfigurationList = CB84298D274D5BC70098021B /* Build configuration list for PBXNativeTarget "Countdown (iOS)" */;
			buildPhases = (
				CB842960274D5BC70098021B /* Sources */,
				CB842961274D5BC70098021B /* Frameworks */,
				CB842962274D5BC70098021B /* Resources */,
			);
			buildRules = (
			);
			dependencies = (
			);
			name = "Countdown (iOS)";
			productName = "Countdown (iOS)";
			productReference = CB842964274D5BC70098021B /* Countdown.app */;
			productType = "com.apple.product-type.application";
		};
		CB842969274D5BC70098021B /* Countdown (macOS) */ = {
			isa = PBXNativeTarget;
			buildConfigurationList = CB842990274D5BC70098021B /* Build configuration list for PBXNativeTarget "Countdown (macOS)" */;
			buildPhases = (
				CB842966274D5BC70098021B /* Sources */,
				CB842967274D5BC70098021B /* Frameworks */,
				CB842968274D5BC70098021B /* Resources */,
			);
			buildRules = (
			);
			dependencies = (
			);
			name = "Countdown (macOS)";
			productName = "Countdown (macOS)";
			productReference = CB84296A274D5BC70098021B /* Countdown.app */;
			productType = "com.apple.product-type.application";
		};
		CB842970274D5BC70098021B /* Tests iOS */ = {
			isa = PBXNativeTarget;
			buildConfigurationList = CB842993274D5BC70098021B /* Build configuration list for PBXNativeTarget "Tests iOS" */;
			buildPhases = (
				CB84296D274D5BC70098021B /* Sources */,
				CB84296E274D5BC70098021B /* Frameworks */,
				CB84296F274D5BC70098021B /* Resources */,
			);
			buildRules = (
			);
			dependencies = (
				CB842973274D5BC70098021B /* PBXTargetDependency */,
			);
			name = "Tests iOS";
			productName = "Tests iOS";
			productReference = CB842971274D5BC70098021B /* Tests iOS.xctest */;
			productType = "com.apple.product-type.bundle.ui-testing";
		};
		CB84297C274D5BC70098021B /* Tests macOS */ = {
			isa = PBXNativeTarget;
			buildConfigurationList = CB842996274D5BC70098021B /* Build configuration list for PBXNativeTarget "Tests macOS" */;
			buildPhases = (
				CB842979274D5BC70098021B /* Sources */,
				CB84297A274D5BC70098021B /* Frameworks */,
				CB84297B274D5BC70098021B /* Resources */,
			);
			buildRules = (
			);
			dependencies = (
				CB84297F274D5BC70098021B /* PBXTargetDependency */,
			);
			name = "Tests macOS";
			productName = "Tests macOS";
			productReference = CB84297D274D5BC70098021B /* Tests macOS.xctest */;
			productType = "com.apple.product-type.bundle.ui-testing";
		};
/* End PBXNativeTarget section */

/* Begin PBXProject section */
		CB842958274D5BC70098021B /* Project object */ = {
			isa = PBXProject;
			attributes = {
				BuildIndependentTargetsInParallel = 1;
				LastSwiftUpdateCheck = 1310;
				LastUpgradeCheck = 1310;
				TargetAttributes = {
					CB842963274D5BC70098021B = {
						CreatedOnToolsVersion = 13.1;
					};
					CB842969274D5BC70098021B = {
						CreatedOnToolsVersion = 13.1;
					};
					CB842970274D5BC70098021B = {
						CreatedOnToolsVersion = 13.1;
						TestTargetID = CB842963274D5BC70098021B;
					};
					CB84297C274D5BC70098021B = {
						CreatedOnToolsVersion = 13.1;
						TestTargetID = CB842969274D5BC70098021B;
					};
				};
			};
			buildConfigurationList = CB84295B274D5BC70098021B /* Build configuration list for PBXProject "Countdown" */;
			compatibilityVersion = "Xcode 13.0";
			developmentRegion = en;
			hasScannedForEncodings = 0;
			knownRegions = (
				en,
				Base,
			);
			mainGroup = CB842957274D5BC70098021B;
			productRefGroup = CB842965274D5BC70098021B /* Products */;
			projectDirPath = "";
			projectRoot = "";
			targets = (
				CB842963274D5BC70098021B /* Countdown (iOS) */,
				CB842969274D5BC70098021B /* Countdown (macOS) */,
				CB842970274D5BC70098021B /* Tests iOS */,
				CB84297C274D5BC70098021B /* Tests macOS */,
			);
		};
/* End PBXProject section */

/* Begin PBXResourcesBuildPhase section */
		CB842962274D5BC70098021B /* Resources */ = {
			isa = PBXResourcesBuildPhase;
			buildActionMask = 2147483647;
			files = (
				CB565CA5274E681F0096C272 /* boop.m4a in Resources */,
				CB565CA0274E62800096C272 /* exhale.m4a in Resources */,
				CB565CA1274E62800096C272 /* inhale.m4a in Resources */,
				CB842989274D5BC70098021B /* Assets.xcassets in Resources */,
			);
			runOnlyForDeploymentPostprocessing = 0;
		};
		CB842968274D5BC70098021B /* Resources */ = {
			isa = PBXResourcesBuildPhase;
			buildActionMask = 2147483647;
			files = (
				CB565CA6274E681F0096C272 /* boop.m4a in Resources */,
				CB565CA2274E62870096C272 /* exhale.m4a in Resources */,
				CB565CA3274E62870096C272 /* inhale.m4a in Resources */,
				CB84298A274D5BC70098021B /* Assets.xcassets in Resources */,
			);
			runOnlyForDeploymentPostprocessing = 0;
		};
		CB84296F274D5BC70098021B /* Resources */ = {
			isa = PBXResourcesBuildPhase;
			buildActionMask = 2147483647;
			files = (
			);
			runOnlyForDeploymentPostprocessing = 0;
		};
		CB84297B274D5BC70098021B /* Resources */ = {
			isa = PBXResourcesBuildPhase;
			buildActionMask = 2147483647;
			files = (
			);
			runOnlyForDeploymentPostprocessing = 0;
		};
/* End PBXResourcesBuildPhase section */

/* Begin PBXSourcesBuildPhase section */
		CB842960274D5BC70098021B /* Sources */ = {
			isa = PBXSourcesBuildPhase;
			buildActionMask = 2147483647;
			files = (
				CB842987274D5BC70098021B /* ContentView.swift in Sources */,
				CB842985274D5BC70098021B /* CountdownApp.swift in Sources */,
				CB01BFDE274FDC77007977D9 /* HomeVM.swift in Sources */,
				CB01BFD2274FD42F007977D9 /* RainbowCircle.swift in Sources */,
				CB01BFD8274FDC05007977D9 /* StandardExercise.swift in Sources */,
				CB01BFE127500983007977D9 /* HomeView.swift in Sources */,
				CB01BFD5274FDBFA007977D9 /* Constants.swift in Sources */,
				CB01BFDB274FDC0F007977D9 /* Exercise.swift in Sources */,
			);
			runOnlyForDeploymentPostprocessing = 0;
		};
		CB842966274D5BC70098021B /* Sources */ = {
			isa = PBXSourcesBuildPhase;
			buildActionMask = 2147483647;
			files = (
				CB842988274D5BC70098021B /* ContentView.swift in Sources */,
				CB842986274D5BC70098021B /* CountdownApp.swift in Sources */,
				CB01BFDF274FDC77007977D9 /* HomeVM.swift in Sources */,
				CB01BFD3274FD42F007977D9 /* RainbowCircle.swift in Sources */,
				CB01BFD9274FDC05007977D9 /* StandardExercise.swift in Sources */,
				CB01BFE227500983007977D9 /* HomeView.swift in Sources */,
				CB01BFD6274FDBFA007977D9 /* Constants.swift in Sources */,
				CB01BFDC274FDC0F007977D9 /* Exercise.swift in Sources */,
			);
			runOnlyForDeploymentPostprocessing = 0;
		};
		CB84296D274D5BC70098021B /* Sources */ = {
			isa = PBXSourcesBuildPhase;
			buildActionMask = 2147483647;
			files = (
				CB842978274D5BC70098021B /* Tests_iOSLaunchTests.swift in Sources */,
				CB842976274D5BC70098021B /* Tests_iOS.swift in Sources */,
			);
			runOnlyForDeploymentPostprocessing = 0;
		};
		CB842979274D5BC70098021B /* Sources */ = {
			isa = PBXSourcesBuildPhase;
			buildActionMask = 2147483647;
			files = (
				CB842984274D5BC70098021B /* Tests_macOSLaunchTests.swift in Sources */,
				CB842982274D5BC70098021B /* Tests_macOS.swift in Sources */,
			);
			runOnlyForDeploymentPostprocessing = 0;
		};
/* End PBXSourcesBuildPhase section */

/* Begin PBXTargetDependency section */
		CB842973274D5BC70098021B /* PBXTargetDependency */ = {
			isa = PBXTargetDependency;
			target = CB842963274D5BC70098021B /* Countdown (iOS) */;
			targetProxy = CB842972274D5BC70098021B /* PBXContainerItemProxy */;
		};
		CB84297F274D5BC70098021B /* PBXTargetDependency */ = {
			isa = PBXTargetDependency;
			target = CB842969274D5BC70098021B /* Countdown (macOS) */;
			targetProxy = CB84297E274D5BC70098021B /* PBXContainerItemProxy */;
		};
/* End PBXTargetDependency section */

/* Begin XCBuildConfiguration section */
		CB84298B274D5BC70098021B /* Debug */ = {
			isa = XCBuildConfiguration;
			buildSettings = {
				ALWAYS_SEARCH_USER_PATHS = NO;
				CLANG_ANALYZER_NONNULL = YES;
				CLANG_ANALYZER_NUMBER_OBJECT_CONVERSION = YES_AGGRESSIVE;
				CLANG_CXX_LANGUAGE_STANDARD = "gnu++17";
				CLANG_CXX_LIBRARY = "libc++";
				CLANG_ENABLE_MODULES = YES;
				CLANG_ENABLE_OBJC_ARC = YES;
				CLANG_ENABLE_OBJC_WEAK = YES;
				CLANG_WARN_BLOCK_CAPTURE_AUTORELEASING = YES;
				CLANG_WARN_BOOL_CONVERSION = YES;
				CLANG_WARN_COMMA = YES;
				CLANG_WARN_CONSTANT_CONVERSION = YES;
				CLANG_WARN_DEPRECATED_OBJC_IMPLEMENTATIONS = YES;
				CLANG_WARN_DIRECT_OBJC_ISA_USAGE = YES_ERROR;
				CLANG_WARN_DOCUMENTATION_COMMENTS = YES;
				CLANG_WARN_EMPTY_BODY = YES;
				CLANG_WARN_ENUM_CONVERSION = YES;
				CLANG_WARN_INFINITE_RECURSION = YES;
				CLANG_WARN_INT_CONVERSION = YES;
				CLANG_WARN_NON_LITERAL_NULL_CONVERSION = YES;
				CLANG_WARN_OBJC_IMPLICIT_RETAIN_SELF = YES;
				CLANG_WARN_OBJC_LITERAL_CONVERSION = YES;
				CLANG_WARN_OBJC_ROOT_CLASS = YES_ERROR;
				CLANG_WARN_QUOTED_INCLUDE_IN_FRAMEWORK_HEADER = YES;
				CLANG_WARN_RANGE_LOOP_ANALYSIS = YES;
				CLANG_WARN_STRICT_PROTOTYPES = YES;
				CLANG_WARN_SUSPICIOUS_MOVE = YES;
				CLANG_WARN_UNGUARDED_AVAILABILITY = YES_AGGRESSIVE;
				CLANG_WARN_UNREACHABLE_CODE = YES;
				CLANG_WARN__DUPLICATE_METHOD_MATCH = YES;
				COPY_PHASE_STRIP = NO;
				DEBUG_INFORMATION_FORMAT = dwarf;
				ENABLE_STRICT_OBJC_MSGSEND = YES;
				ENABLE_TESTABILITY = YES;
				GCC_C_LANGUAGE_STANDARD = gnu11;
				GCC_DYNAMIC_NO_PIC = NO;
				GCC_NO_COMMON_BLOCKS = YES;
				GCC_OPTIMIZATION_LEVEL = 0;
				GCC_PREPROCESSOR_DEFINITIONS = (
					"DEBUG=1",
					"$(inherited)",
				);
				GCC_WARN_64_TO_32_BIT_CONVERSION = YES;
				GCC_WARN_ABOUT_RETURN_TYPE = YES_ERROR;
				GCC_WARN_UNDECLARED_SELECTOR = YES;
				GCC_WARN_UNINITIALIZED_AUTOS = YES_AGGRESSIVE;
				GCC_WARN_UNUSED_FUNCTION = YES;
				GCC_WARN_UNUSED_VARIABLE = YES;
				MTL_ENABLE_DEBUG_INFO = INCLUDE_SOURCE;
				MTL_FAST_MATH = YES;
				ONLY_ACTIVE_ARCH = YES;
				SWIFT_ACTIVE_COMPILATION_CONDITIONS = DEBUG;
				SWIFT_OPTIMIZATION_LEVEL = "-Onone";
			};
			name = Debug;
		};
		CB84298C274D5BC70098021B /* Release */ = {
			isa = XCBuildConfiguration;
			buildSettings = {
				ALWAYS_SEARCH_USER_PATHS = NO;
				CLANG_ANALYZER_NONNULL = YES;
				CLANG_ANALYZER_NUMBER_OBJECT_CONVERSION = YES_AGGRESSIVE;
				CLANG_CXX_LANGUAGE_STANDARD = "gnu++17";
				CLANG_CXX_LIBRARY = "libc++";
				CLANG_ENABLE_MODULES = YES;
				CLANG_ENABLE_OBJC_ARC = YES;
				CLANG_ENABLE_OBJC_WEAK = YES;
				CLANG_WARN_BLOCK_CAPTURE_AUTORELEASING = YES;
				CLANG_WARN_BOOL_CONVERSION = YES;
				CLANG_WARN_COMMA = YES;
				CLANG_WARN_CONSTANT_CONVERSION = YES;
				CLANG_WARN_DEPRECATED_OBJC_IMPLEMENTATIONS = YES;
				CLANG_WARN_DIRECT_OBJC_ISA_USAGE = YES_ERROR;
				CLANG_WARN_DOCUMENTATION_COMMENTS = YES;
				CLANG_WARN_EMPTY_BODY = YES;
				CLANG_WARN_ENUM_CONVERSION = YES;
				CLANG_WARN_INFINITE_RECURSION = YES;
				CLANG_WARN_INT_CONVERSION = YES;
				CLANG_WARN_NON_LITERAL_NULL_CONVERSION = YES;
				CLANG_WARN_OBJC_IMPLICIT_RETAIN_SELF = YES;
				CLANG_WARN_OBJC_LITERAL_CONVERSION = YES;
				CLANG_WARN_OBJC_ROOT_CLASS = YES_ERROR;
				CLANG_WARN_QUOTED_INCLUDE_IN_FRAMEWORK_HEADER = YES;
				CLANG_WARN_RANGE_LOOP_ANALYSIS = YES;
				CLANG_WARN_STRICT_PROTOTYPES = YES;
				CLANG_WARN_SUSPICIOUS_MOVE = YES;
				CLANG_WARN_UNGUARDED_AVAILABILITY = YES_AGGRESSIVE;
				CLANG_WARN_UNREACHABLE_CODE = YES;
				CLANG_WARN__DUPLICATE_METHOD_MATCH = YES;
				COPY_PHASE_STRIP = NO;
				DEBUG_INFORMATION_FORMAT = "dwarf-with-dsym";
				ENABLE_NS_ASSERTIONS = NO;
				ENABLE_STRICT_OBJC_MSGSEND = YES;
				GCC_C_LANGUAGE_STANDARD = gnu11;
				GCC_NO_COMMON_BLOCKS = YES;
				GCC_WARN_64_TO_32_BIT_CONVERSION = YES;
				GCC_WARN_ABOUT_RETURN_TYPE = YES_ERROR;
				GCC_WARN_UNDECLARED_SELECTOR = YES;
				GCC_WARN_UNINITIALIZED_AUTOS = YES_AGGRESSIVE;
				GCC_WARN_UNUSED_FUNCTION = YES;
				GCC_WARN_UNUSED_VARIABLE = YES;
				MTL_ENABLE_DEBUG_INFO = NO;
				MTL_FAST_MATH = YES;
				SWIFT_COMPILATION_MODE = wholemodule;
				SWIFT_OPTIMIZATION_LEVEL = "-O";
			};
			name = Release;
		};
		CB84298E274D5BC70098021B /* Debug */ = {
			isa = XCBuildConfiguration;
			buildSettings = {
				ASSETCATALOG_COMPILER_APPICON_NAME = AppIcon;
				ASSETCATALOG_COMPILER_GLOBAL_ACCENT_COLOR_NAME = AccentColor;
				CODE_SIGN_STYLE = Automatic;
				CURRENT_PROJECT_VERSION = 1;
				DEVELOPMENT_TEAM = Z4T623QY89;
				ENABLE_PREVIEWS = YES;
				GENERATE_INFOPLIST_FILE = YES;
				INFOPLIST_KEY_UIApplicationSceneManifest_Generation = YES;
				INFOPLIST_KEY_UIApplicationSupportsIndirectInputEvents = YES;
				INFOPLIST_KEY_UILaunchScreen_Generation = YES;
				INFOPLIST_KEY_UISupportedInterfaceOrientations_iPad = "UIInterfaceOrientationPortrait UIInterfaceOrientationPortraitUpsideDown UIInterfaceOrientationLandscapeLeft UIInterfaceOrientationLandscapeRight";
				INFOPLIST_KEY_UISupportedInterfaceOrientations_iPhone = "UIInterfaceOrientationPortrait UIInterfaceOrientationLandscapeLeft UIInterfaceOrientationLandscapeRight";
				IPHONEOS_DEPLOYMENT_TARGET = 15.0;
				LD_RUNPATH_SEARCH_PATHS = (
					"$(inherited)",
					"@executable_path/Frameworks",
				);
				MARKETING_VERSION = 1.0;
				PRODUCT_BUNDLE_IDENTIFIER = com.estrella.Countdown;
				PRODUCT_NAME = Countdown;
				SDKROOT = iphoneos;
				SWIFT_EMIT_LOC_STRINGS = YES;
				SWIFT_VERSION = 5.0;
				TARGETED_DEVICE_FAMILY = "1,2";
			};
			name = Debug;
		};
		CB84298F274D5BC70098021B /* Release */ = {
			isa = XCBuildConfiguration;
			buildSettings = {
				ASSETCATALOG_COMPILER_APPICON_NAME = AppIcon;
				ASSETCATALOG_COMPILER_GLOBAL_ACCENT_COLOR_NAME = AccentColor;
				CODE_SIGN_STYLE = Automatic;
				CURRENT_PROJECT_VERSION = 1;
				DEVELOPMENT_TEAM = Z4T623QY89;
				ENABLE_PREVIEWS = YES;
				GENERATE_INFOPLIST_FILE = YES;
				INFOPLIST_KEY_UIApplicationSceneManifest_Generation = YES;
				INFOPLIST_KEY_UIApplicationSupportsIndirectInputEvents = YES;
				INFOPLIST_KEY_UILaunchScreen_Generation = YES;
				INFOPLIST_KEY_UISupportedInterfaceOrientations_iPad = "UIInterfaceOrientationPortrait UIInterfaceOrientationPortraitUpsideDown UIInterfaceOrientationLandscapeLeft UIInterfaceOrientationLandscapeRight";
				INFOPLIST_KEY_UISupportedInterfaceOrientations_iPhone = "UIInterfaceOrientationPortrait UIInterfaceOrientationLandscapeLeft UIInterfaceOrientationLandscapeRight";
				IPHONEOS_DEPLOYMENT_TARGET = 15.0;
				LD_RUNPATH_SEARCH_PATHS = (
					"$(inherited)",
					"@executable_path/Frameworks",
				);
				MARKETING_VERSION = 1.0;
				PRODUCT_BUNDLE_IDENTIFIER = com.estrella.Countdown;
				PRODUCT_NAME = Countdown;
				SDKROOT = iphoneos;
				SWIFT_EMIT_LOC_STRINGS = YES;
				SWIFT_VERSION = 5.0;
				TARGETED_DEVICE_FAMILY = "1,2";
				VALIDATE_PRODUCT = YES;
			};
			name = Release;
		};
		CB842991274D5BC70098021B /* Debug */ = {
			isa = XCBuildConfiguration;
			buildSettings = {
				ASSETCATALOG_COMPILER_APPICON_NAME = AppIcon;
				ASSETCATALOG_COMPILER_GLOBAL_ACCENT_COLOR_NAME = AccentColor;
				CODE_SIGN_ENTITLEMENTS = macOS/macOS.entitlements;
				CODE_SIGN_STYLE = Automatic;
				COMBINE_HIDPI_IMAGES = YES;
				CURRENT_PROJECT_VERSION = 1;
				DEVELOPMENT_TEAM = H66Q85635B;
				ENABLE_HARDENED_RUNTIME = YES;
				ENABLE_PREVIEWS = YES;
				GENERATE_INFOPLIST_FILE = YES;
				INFOPLIST_KEY_NSHumanReadableCopyright = "";
				LD_RUNPATH_SEARCH_PATHS = (
					"$(inherited)",
					"@executable_path/../Frameworks",
				);
				MACOSX_DEPLOYMENT_TARGET = 12.0;
				MARKETING_VERSION = 1.0;
				PRODUCT_BUNDLE_IDENTIFIER = com.estrella.Countdown;
				PRODUCT_NAME = Countdown;
				SDKROOT = macosx;
				SWIFT_EMIT_LOC_STRINGS = YES;
				SWIFT_VERSION = 5.0;
			};
			name = Debug;
		};
		CB842992274D5BC70098021B /* Release */ = {
			isa = XCBuildConfiguration;
			buildSettings = {
				ASSETCATALOG_COMPILER_APPICON_NAME = AppIcon;
				ASSETCATALOG_COMPILER_GLOBAL_ACCENT_COLOR_NAME = AccentColor;
				CODE_SIGN_ENTITLEMENTS = macOS/macOS.entitlements;
				CODE_SIGN_STYLE = Automatic;
				COMBINE_HIDPI_IMAGES = YES;
				CURRENT_PROJECT_VERSION = 1;
				DEVELOPMENT_TEAM = H66Q85635B;
				ENABLE_HARDENED_RUNTIME = YES;
				ENABLE_PREVIEWS = YES;
				GENERATE_INFOPLIST_FILE = YES;
				INFOPLIST_KEY_NSHumanReadableCopyright = "";
				LD_RUNPATH_SEARCH_PATHS = (
					"$(inherited)",
					"@executable_path/../Frameworks",
				);
				MACOSX_DEPLOYMENT_TARGET = 12.0;
				MARKETING_VERSION = 1.0;
				PRODUCT_BUNDLE_IDENTIFIER = com.estrella.Countdown;
				PRODUCT_NAME = Countdown;
				SDKROOT = macosx;
				SWIFT_EMIT_LOC_STRINGS = YES;
				SWIFT_VERSION = 5.0;
			};
			name = Release;
		};
		CB842994274D5BC70098021B /* Debug */ = {
			isa = XCBuildConfiguration;
			buildSettings = {
				ALWAYS_EMBED_SWIFT_STANDARD_LIBRARIES = YES;
				CODE_SIGN_STYLE = Automatic;
				CURRENT_PROJECT_VERSION = 1;
				DEVELOPMENT_TEAM = H66Q85635B;
				GENERATE_INFOPLIST_FILE = YES;
				IPHONEOS_DEPLOYMENT_TARGET = 15.0;
				LD_RUNPATH_SEARCH_PATHS = (
					"$(inherited)",
					"@executable_path/Frameworks",
					"@loader_path/Frameworks",
				);
				MARKETING_VERSION = 1.0;
				PRODUCT_BUNDLE_IDENTIFIER = "com.estrella.Tests-iOS";
				PRODUCT_NAME = "$(TARGET_NAME)";
				SDKROOT = iphoneos;
				SWIFT_EMIT_LOC_STRINGS = NO;
				SWIFT_VERSION = 5.0;
				TARGETED_DEVICE_FAMILY = "1,2";
				TEST_TARGET_NAME = "Countdown (iOS)";
			};
			name = Debug;
		};
		CB842995274D5BC70098021B /* Release */ = {
			isa = XCBuildConfiguration;
			buildSettings = {
				ALWAYS_EMBED_SWIFT_STANDARD_LIBRARIES = YES;
				CODE_SIGN_STYLE = Automatic;
				CURRENT_PROJECT_VERSION = 1;
				DEVELOPMENT_TEAM = H66Q85635B;
				GENERATE_INFOPLIST_FILE = YES;
				IPHONEOS_DEPLOYMENT_TARGET = 15.0;
				LD_RUNPATH_SEARCH_PATHS = (
					"$(inherited)",
					"@executable_path/Frameworks",
					"@loader_path/Frameworks",
				);
				MARKETING_VERSION = 1.0;
				PRODUCT_BUNDLE_IDENTIFIER = "com.estrella.Tests-iOS";
				PRODUCT_NAME = "$(TARGET_NAME)";
				SDKROOT = iphoneos;
				SWIFT_EMIT_LOC_STRINGS = NO;
				SWIFT_VERSION = 5.0;
				TARGETED_DEVICE_FAMILY = "1,2";
				TEST_TARGET_NAME = "Countdown (iOS)";
				VALIDATE_PRODUCT = YES;
			};
			name = Release;
		};
		CB842997274D5BC70098021B /* Debug */ = {
			isa = XCBuildConfiguration;
			buildSettings = {
				ALWAYS_EMBED_SWIFT_STANDARD_LIBRARIES = YES;
				CODE_SIGN_STYLE = Automatic;
				COMBINE_HIDPI_IMAGES = YES;
				CURRENT_PROJECT_VERSION = 1;
				DEVELOPMENT_TEAM = H66Q85635B;
				GENERATE_INFOPLIST_FILE = YES;
				LD_RUNPATH_SEARCH_PATHS = (
					"$(inherited)",
					"@executable_path/../Frameworks",
					"@loader_path/../Frameworks",
				);
				MACOSX_DEPLOYMENT_TARGET = 12.0;
				MARKETING_VERSION = 1.0;
				PRODUCT_BUNDLE_IDENTIFIER = "com.estrella.Tests-macOS";
				PRODUCT_NAME = "$(TARGET_NAME)";
				SDKROOT = macosx;
				SWIFT_EMIT_LOC_STRINGS = NO;
				SWIFT_VERSION = 5.0;
				TEST_TARGET_NAME = "Countdown (macOS)";
			};
			name = Debug;
		};
		CB842998274D5BC70098021B /* Release */ = {
			isa = XCBuildConfiguration;
			buildSettings = {
				ALWAYS_EMBED_SWIFT_STANDARD_LIBRARIES = YES;
				CODE_SIGN_STYLE = Automatic;
				COMBINE_HIDPI_IMAGES = YES;
				CURRENT_PROJECT_VERSION = 1;
				DEVELOPMENT_TEAM = H66Q85635B;
				GENERATE_INFOPLIST_FILE = YES;
				LD_RUNPATH_SEARCH_PATHS = (
					"$(inherited)",
					"@executable_path/../Frameworks",
					"@loader_path/../Frameworks",
				);
				MACOSX_DEPLOYMENT_TARGET = 12.0;
				MARKETING_VERSION = 1.0;
				PRODUCT_BUNDLE_IDENTIFIER = "com.estrella.Tests-macOS";
				PRODUCT_NAME = "$(TARGET_NAME)";
				SDKROOT = macosx;
				SWIFT_EMIT_LOC_STRINGS = NO;
				SWIFT_VERSION = 5.0;
				TEST_TARGET_NAME = "Countdown (macOS)";
			};
			name = Release;
		};
/* End XCBuildConfiguration section */

/* Begin XCConfigurationList section */
		CB84295B274D5BC70098021B /* Build configuration list for PBXProject "Countdown" */ = {
			isa = XCConfigurationList;
			buildConfigurations = (
				CB84298B274D5BC70098021B /* Debug */,
				CB84298C274D5BC70098021B /* Release */,
			);
			defaultConfigurationIsVisible = 0;
			defaultConfigurationName = Release;
		};
		CB84298D274D5BC70098021B /* Build configuration list for PBXNativeTarget "Countdown (iOS)" */ = {
			isa = XCConfigurationList;
			buildConfigurations = (
				CB84298E274D5BC70098021B /* Debug */,
				CB84298F274D5BC70098021B /* Release */,
			);
			defaultConfigurationIsVisible = 0;
			defaultConfigurationName = Release;
		};
		CB842990274D5BC70098021B /* Build configuration list for PBXNativeTarget "Countdown (macOS)" */ = {
			isa = XCConfigurationList;
			buildConfigurations = (
				CB842991274D5BC70098021B /* Debug */,
				CB842992274D5BC70098021B /* Release */,
			);
			defaultConfigurationIsVisible = 0;
			defaultConfigurationName = Release;
		};
		CB842993274D5BC70098021B /* Build configuration list for PBXNativeTarget "Tests iOS" */ = {
			isa = XCConfigurationList;
			buildConfigurations = (
				CB842994274D5BC70098021B /* Debug */,
				CB842995274D5BC70098021B /* Release */,
			);
			defaultConfigurationIsVisible = 0;
			defaultConfigurationName = Release;
		};
		CB842996274D5BC70098021B /* Build configuration list for PBXNativeTarget "Tests macOS" */ = {
			isa = XCConfigurationList;
			buildConfigurations = (
				CB842997274D5BC70098021B /* Debug */,
				CB842998274D5BC70098021B /* Release */,
			);
			defaultConfigurationIsVisible = 0;
			defaultConfigurationName = Release;
		};
/* End XCConfigurationList section */
	};
	rootObject = CB842958274D5BC70098021B /* Project object */;
}
